// !$*UTF8*$!
{
	archiveVersion = 1;
	classes = {
	};
	objectVersion = 51;
	objects = {

/* Begin PBXBuildFile section */
		652ABE7B6F95D1104C5CB5BE /* Pods_WeatherApp.framework in Frameworks */ = {isa = PBXBuildFile; fileRef = 6394FF3147E988716C4F37EE /* Pods_WeatherApp.framework */; };
		80F5E741272BD03F002EE2E3 /* CityInfo.swift in Sources */ = {isa = PBXBuildFile; fileRef = 80F5E740272BD03F002EE2E3 /* CityInfo.swift */; };
		80F5E744272BD054002EE2E3 /* CurrentWeather.swift in Sources */ = {isa = PBXBuildFile; fileRef = 80F5E743272BD054002EE2E3 /* CurrentWeather.swift */; };
		80FA83FB272B911700183FB8 /* AppDelegate.swift in Sources */ = {isa = PBXBuildFile; fileRef = 80FA83FA272B911700183FB8 /* AppDelegate.swift */; };
		80FA83FD272B911700183FB8 /* SceneDelegate.swift in Sources */ = {isa = PBXBuildFile; fileRef = 80FA83FC272B911700183FB8 /* SceneDelegate.swift */; };
		80FA83FF272B911700183FB8 /* ViewController.swift in Sources */ = {isa = PBXBuildFile; fileRef = 80FA83FE272B911700183FB8 /* ViewController.swift */; };
		80FA8402272B911700183FB8 /* Main.storyboard in Resources */ = {isa = PBXBuildFile; fileRef = 80FA8400272B911700183FB8 /* Main.storyboard */; };
		80FA8404272B911A00183FB8 /* Assets.xcassets in Resources */ = {isa = PBXBuildFile; fileRef = 80FA8403272B911A00183FB8 /* Assets.xcassets */; };
		80FA8407272B911A00183FB8 /* LaunchScreen.storyboard in Resources */ = {isa = PBXBuildFile; fileRef = 80FA8405272B911A00183FB8 /* LaunchScreen.storyboard */; };
		80FA8413272B929D00183FB8 /* SearchCityControllerViewController.swift in Sources */ = {isa = PBXBuildFile; fileRef = 80FA8412272B929D00183FB8 /* SearchCityControllerViewController.swift */; };
		80FA841F272B974E00183FB8 /* Constants.swift in Sources */ = {isa = PBXBuildFile; fileRef = 80FA841E272B974D00183FB8 /* Constants.swift */; };
/* End PBXBuildFile section */

/* Begin PBXFileReference section */
		05D80C3AB69134C2AECE6597 /* Pods-WeatherApp.release.xcconfig */ = {isa = PBXFileReference; includeInIndex = 1; lastKnownFileType = text.xcconfig; name = "Pods-WeatherApp.release.xcconfig"; path = "Target Support Files/Pods-WeatherApp/Pods-WeatherApp.release.xcconfig"; sourceTree = "<group>"; };
		6394FF3147E988716C4F37EE /* Pods_WeatherApp.framework */ = {isa = PBXFileReference; explicitFileType = wrapper.framework; includeInIndex = 0; path = Pods_WeatherApp.framework; sourceTree = BUILT_PRODUCTS_DIR; };
		7F4498ED32813D17557ED2F4 /* Pods-WeatherApp.debug.xcconfig */ = {isa = PBXFileReference; includeInIndex = 1; lastKnownFileType = text.xcconfig; name = "Pods-WeatherApp.debug.xcconfig"; path = "Target Support Files/Pods-WeatherApp/Pods-WeatherApp.debug.xcconfig"; sourceTree = "<group>"; };
		80F5E740272BD03F002EE2E3 /* CityInfo.swift */ = {isa = PBXFileReference; lastKnownFileType = sourcecode.swift; path = CityInfo.swift; sourceTree = "<group>"; };
		80F5E743272BD054002EE2E3 /* CurrentWeather.swift */ = {isa = PBXFileReference; lastKnownFileType = sourcecode.swift; path = CurrentWeather.swift; sourceTree = "<group>"; };
		80FA83F7272B911700183FB8 /* WeatherApp.app */ = {isa = PBXFileReference; explicitFileType = wrapper.application; includeInIndex = 0; path = WeatherApp.app; sourceTree = BUILT_PRODUCTS_DIR; };
		80FA83FA272B911700183FB8 /* AppDelegate.swift */ = {isa = PBXFileReference; lastKnownFileType = sourcecode.swift; path = AppDelegate.swift; sourceTree = "<group>"; };
		80FA83FC272B911700183FB8 /* SceneDelegate.swift */ = {isa = PBXFileReference; lastKnownFileType = sourcecode.swift; path = SceneDelegate.swift; sourceTree = "<group>"; };
		80FA83FE272B911700183FB8 /* ViewController.swift */ = {isa = PBXFileReference; lastKnownFileType = sourcecode.swift; path = ViewController.swift; sourceTree = "<group>"; };
		80FA8401272B911700183FB8 /* Base */ = {isa = PBXFileReference; lastKnownFileType = file.storyboard; name = Base; path = Base.lproj/Main.storyboard; sourceTree = "<group>"; };
		80FA8403272B911A00183FB8 /* Assets.xcassets */ = {isa = PBXFileReference; lastKnownFileType = folder.assetcatalog; path = Assets.xcassets; sourceTree = "<group>"; };
		80FA8406272B911A00183FB8 /* Base */ = {isa = PBXFileReference; lastKnownFileType = file.storyboard; name = Base; path = Base.lproj/LaunchScreen.storyboard; sourceTree = "<group>"; };
		80FA8408272B911A00183FB8 /* Info.plist */ = {isa = PBXFileReference; lastKnownFileType = text.plist.xml; path = Info.plist; sourceTree = "<group>"; };
		80FA8412272B929D00183FB8 /* SearchCityControllerViewController.swift */ = {isa = PBXFileReference; lastKnownFileType = sourcecode.swift; path = SearchCityControllerViewController.swift; sourceTree = "<group>"; };
		80FA841E272B974D00183FB8 /* Constants.swift */ = {isa = PBXFileReference; lastKnownFileType = sourcecode.swift; path = Constants.swift; sourceTree = "<group>"; };
/* End PBXFileReference section */

/* Begin PBXFrameworksBuildPhase section */
		80FA83F4272B911700183FB8 /* Frameworks */ = {
			isa = PBXFrameworksBuildPhase;
			buildActionMask = 2147483647;
			files = (
				652ABE7B6F95D1104C5CB5BE /* Pods_WeatherApp.framework in Frameworks */,
			);
			runOnlyForDeploymentPostprocessing = 0;
		};
/* End PBXFrameworksBuildPhase section */

/* Begin PBXGroup section */
		2635E1DC5DCA29D3939ED805 /* Pods */ = {
			isa = PBXGroup;
			children = (
				7F4498ED32813D17557ED2F4 /* Pods-WeatherApp.debug.xcconfig */,
				05D80C3AB69134C2AECE6597 /* Pods-WeatherApp.release.xcconfig */,
			);
			path = Pods;
			sourceTree = "<group>";
		};
		80FA83EE272B911700183FB8 = {
			isa = PBXGroup;
			children = (
				80FA83F9272B911700183FB8 /* WeatherApp */,
				80FA83F8272B911700183FB8 /* Products */,
				2635E1DC5DCA29D3939ED805 /* Pods */,
				96C41EC78202034FFCB82F8B /* Frameworks */,
			);
			sourceTree = "<group>";
		};
		80FA83F8272B911700183FB8 /* Products */ = {
			isa = PBXGroup;
			children = (
				80FA83F7272B911700183FB8 /* WeatherApp.app */,
			);
			name = Products;
			sourceTree = "<group>";
		};
		80FA83F9272B911700183FB8 /* WeatherApp */ = {
			isa = PBXGroup;
			children = (
				80FA8411272B926100183FB8 /* Controller */,
				80FA8410272B923D00183FB8 /* View */,
				80FA840F272B922800183FB8 /* Model */,
				80FA83FA272B911700183FB8 /* AppDelegate.swift */,
				80FA83FC272B911700183FB8 /* SceneDelegate.swift */,
				80FA8403272B911A00183FB8 /* Assets.xcassets */,
				80FA8405272B911A00183FB8 /* LaunchScreen.storyboard */,
				80FA8408272B911A00183FB8 /* Info.plist */,
			);
			path = WeatherApp;
			sourceTree = "<group>";
		};
		80FA840F272B922800183FB8 /* Model */ = {
			isa = PBXGroup;
			children = (
				80F5E740272BD03F002EE2E3 /* CityInfo.swift */,
				80F5E743272BD054002EE2E3 /* CurrentWeather.swift */,
			);
			path = Model;
			sourceTree = "<group>";
		};
		80FA8410272B923D00183FB8 /* View */ = {
			isa = PBXGroup;
			children = (
				80FA8400272B911700183FB8 /* Main.storyboard */,
			);
			path = View;
			sourceTree = "<group>";
		};
		80FA8411272B926100183FB8 /* Controller */ = {
			isa = PBXGroup;
			children = (
				80FA83FE272B911700183FB8 /* ViewController.swift */,
				80FA8412272B929D00183FB8 /* SearchCityControllerViewController.swift */,
				80FA841E272B974D00183FB8 /* Constants.swift */,
			);
			path = Controller;
			sourceTree = "<group>";
		};
		96C41EC78202034FFCB82F8B /* Frameworks */ = {
			isa = PBXGroup;
			children = (
				6394FF3147E988716C4F37EE /* Pods_WeatherApp.framework */,
			);
			name = Frameworks;
			sourceTree = "<group>";
		};
/* End PBXGroup section */

/* Begin PBXNativeTarget section */
		80FA83F6272B911700183FB8 /* WeatherApp */ = {
			isa = PBXNativeTarget;
			buildConfigurationList = 80FA840B272B911A00183FB8 /* Build configuration list for PBXNativeTarget "WeatherApp" */;
			buildPhases = (
				3A208D9887404E4818F2DEAC /* [CP] Check Pods Manifest.lock */,
				80FA83F3272B911700183FB8 /* Sources */,
				80FA83F4272B911700183FB8 /* Frameworks */,
				80FA83F5272B911700183FB8 /* Resources */,
				CEA57477A27156CD41F25845 /* [CP] Embed Pods Frameworks */,
			);
			buildRules = (
			);
			dependencies = (
			);
			name = WeatherApp;
			productName = WeatherApp;
			productReference = 80FA83F7272B911700183FB8 /* WeatherApp.app */;
			productType = "com.apple.product-type.application";
		};
/* End PBXNativeTarget section */

/* Begin PBXProject section */
		80FA83EF272B911700183FB8 /* Project object */ = {
			isa = PBXProject;
			attributes = {
				LastSwiftUpdateCheck = 1240;
				LastUpgradeCheck = 1240;
				TargetAttributes = {
					80FA83F6272B911700183FB8 = {
						CreatedOnToolsVersion = 12.4;
					};
				};
			};
			buildConfigurationList = 80FA83F2272B911700183FB8 /* Build configuration list for PBXProject "WeatherApp" */;
			compatibilityVersion = "Xcode 9.3";
			developmentRegion = en;
			hasScannedForEncodings = 0;
			knownRegions = (
				en,
				Base,
			);
			mainGroup = 80FA83EE272B911700183FB8;
			productRefGroup = 80FA83F8272B911700183FB8 /* Products */;
			projectDirPath = "";
			projectRoot = "";
			targets = (
				80FA83F6272B911700183FB8 /* WeatherApp */,
			);
		};
/* End PBXProject section */

/* Begin PBXResourcesBuildPhase section */
		80FA83F5272B911700183FB8 /* Resources */ = {
			isa = PBXResourcesBuildPhase;
			buildActionMask = 2147483647;
			files = (
				80FA8407272B911A00183FB8 /* LaunchScreen.storyboard in Resources */,
				80FA8404272B911A00183FB8 /* Assets.xcassets in Resources */,
				80FA8402272B911700183FB8 /* Main.storyboard in Resources */,
			);
			runOnlyForDeploymentPostprocessing = 0;
		};
/* End PBXResourcesBuildPhase section */

/* Begin PBXShellScriptBuildPhase section */
		3A208D9887404E4818F2DEAC /* [CP] Check Pods Manifest.lock */ = {
			isa = PBXShellScriptBuildPhase;
			buildActionMask = 2147483647;
			files = (
			);
			inputFileListPaths = (
			);
			inputPaths = (
				"${PODS_PODFILE_DIR_PATH}/Podfile.lock",
				"${PODS_ROOT}/Manifest.lock",
			);
			name = "[CP] Check Pods Manifest.lock";
			outputFileListPaths = (
			);
			outputPaths = (
				"$(DERIVED_FILE_DIR)/Pods-WeatherApp-checkManifestLockResult.txt",
			);
			runOnlyForDeploymentPostprocessing = 0;
			shellPath = /bin/sh;
			shellScript = "diff \"${PODS_PODFILE_DIR_PATH}/Podfile.lock\" \"${PODS_ROOT}/Manifest.lock\" > /dev/null\nif [ $? != 0 ] ; then\n    # print error to STDERR\n    echo \"error: The sandbox is not in sync with the Podfile.lock. Run 'pod install' or update your CocoaPods installation.\" >&2\n    exit 1\nfi\n# This output is used by Xcode 'outputs' to avoid re-running this script phase.\necho \"SUCCESS\" > \"${SCRIPT_OUTPUT_FILE_0}\"\n";
			showEnvVarsInLog = 0;
		};
		CEA57477A27156CD41F25845 /* [CP] Embed Pods Frameworks */ = {
			isa = PBXShellScriptBuildPhase;
			buildActionMask = 2147483647;
			files = (
			);
			inputFileListPaths = (
				"${PODS_ROOT}/Target Support Files/Pods-WeatherApp/Pods-WeatherApp-frameworks-${CONFIGURATION}-input-files.xcfilelist",
			);
			name = "[CP] Embed Pods Frameworks";
			outputFileListPaths = (
				"${PODS_ROOT}/Target Support Files/Pods-WeatherApp/Pods-WeatherApp-frameworks-${CONFIGURATION}-output-files.xcfilelist",
			);
			runOnlyForDeploymentPostprocessing = 0;
			shellPath = /bin/sh;
			shellScript = "\"${PODS_ROOT}/Target Support Files/Pods-WeatherApp/Pods-WeatherApp-frameworks.sh\"\n";
			showEnvVarsInLog = 0;
		};
/* End PBXShellScriptBuildPhase section */

/* Begin PBXSourcesBuildPhase section */
		80FA83F3272B911700183FB8 /* Sources */ = {
			isa = PBXSourcesBuildPhase;
			buildActionMask = 2147483647;
			files = (
				80FA841F272B974E00183FB8 /* Constants.swift in Sources */,
				80FA83FF272B911700183FB8 /* ViewController.swift in Sources */,
				80FA8413272B929D00183FB8 /* SearchCityControllerViewController.swift in Sources */,
				80F5E744272BD054002EE2E3 /* CurrentWeather.swift in Sources */,
				80FA83FB272B911700183FB8 /* AppDelegate.swift in Sources */,
				80F5E741272BD03F002EE2E3 /* CityInfo.swift in Sources */,
				80FA83FD272B911700183FB8 /* SceneDelegate.swift in Sources */,
			);
			runOnlyForDeploymentPostprocessing = 0;
		};
/* End PBXSourcesBuildPhase section */

/* Begin PBXVariantGroup section */
		80FA8400272B911700183FB8 /* Main.storyboard */ = {
			isa = PBXVariantGroup;
			children = (
				80FA8401272B911700183FB8 /* Base */,
			);
			name = Main.storyboard;
			sourceTree = "<group>";
		};
		80FA8405272B911A00183FB8 /* LaunchScreen.storyboard */ = {
			isa = PBXVariantGroup;
			children = (
				80FA8406272B911A00183FB8 /* Base */,
			);
			name = LaunchScreen.storyboard;
			sourceTree = "<group>";
		};
/* End PBXVariantGroup section */

/* Begin XCBuildConfiguration section */
		80FA8409272B911A00183FB8 /* Debug */ = {
			isa = XCBuildConfiguration;
			buildSettings = {
				ALWAYS_SEARCH_USER_PATHS = NO;
				CLANG_ANALYZER_NONNULL = YES;
				CLANG_ANALYZER_NUMBER_OBJECT_CONVERSION = YES_AGGRESSIVE;
				CLANG_CXX_LANGUAGE_STANDARD = "gnu++14";
				CLANG_CXX_LIBRARY = "libc++";
				CLANG_ENABLE_MODULES = YES;
				CLANG_ENABLE_OBJC_ARC = YES;
				CLANG_ENABLE_OBJC_WEAK = YES;
				CLANG_WARN_BLOCK_CAPTURE_AUTORELEASING = YES;
				CLANG_WARN_BOOL_CONVERSION = YES;
				CLANG_WARN_COMMA = YES;
				CLANG_WARN_CONSTANT_CONVERSION = YES;
				CLANG_WARN_DEPRECATED_OBJC_IMPLEMENTATIONS = YES;
				CLANG_WARN_DIRECT_OBJC_ISA_USAGE = YES_ERROR;
				CLANG_WARN_DOCUMENTATION_COMMENTS = YES;
				CLANG_WARN_EMPTY_BODY = YES;
				CLANG_WARN_ENUM_CONVERSION = YES;
				CLANG_WARN_INFINITE_RECURSION = YES;
				CLANG_WARN_INT_CONVERSION = YES;
				CLANG_WARN_NON_LITERAL_NULL_CONVERSION = YES;
				CLANG_WARN_OBJC_IMPLICIT_RETAIN_SELF = YES;
				CLANG_WARN_OBJC_LITERAL_CONVERSION = YES;
				CLANG_WARN_OBJC_ROOT_CLASS = YES_ERROR;
				CLANG_WARN_QUOTED_INCLUDE_IN_FRAMEWORK_HEADER = YES;
				CLANG_WARN_RANGE_LOOP_ANALYSIS = YES;
				CLANG_WARN_STRICT_PROTOTYPES = YES;
				CLANG_WARN_SUSPICIOUS_MOVE = YES;
				CLANG_WARN_UNGUARDED_AVAILABILITY = YES_AGGRESSIVE;
				CLANG_WARN_UNREACHABLE_CODE = YES;
				CLANG_WARN__DUPLICATE_METHOD_MATCH = YES;
				COPY_PHASE_STRIP = NO;
				DEBUG_INFORMATION_FORMAT = dwarf;
				ENABLE_STRICT_OBJC_MSGSEND = YES;
				ENABLE_TESTABILITY = YES;
				GCC_C_LANGUAGE_STANDARD = gnu11;
				GCC_DYNAMIC_NO_PIC = NO;
				GCC_NO_COMMON_BLOCKS = YES;
				GCC_OPTIMIZATION_LEVEL = 0;
				GCC_PREPROCESSOR_DEFINITIONS = (
					"DEBUG=1",
					"$(inherited)",
				);
				GCC_WARN_64_TO_32_BIT_CONVERSION = YES;
				GCC_WARN_ABOUT_RETURN_TYPE = YES_ERROR;
				GCC_WARN_UNDECLARED_SELECTOR = YES;
				GCC_WARN_UNINITIALIZED_AUTOS = YES_AGGRESSIVE;
				GCC_WARN_UNUSED_FUNCTION = YES;
				GCC_WARN_UNUSED_VARIABLE = YES;
				IPHONEOS_DEPLOYMENT_TARGET = 14.4;
				MTL_ENABLE_DEBUG_INFO = INCLUDE_SOURCE;
				MTL_FAST_MATH = YES;
				ONLY_ACTIVE_ARCH = YES;
				SDKROOT = iphoneos;
				SWIFT_ACTIVE_COMPILATION_CONDITIONS = DEBUG;
				SWIFT_OPTIMIZATION_LEVEL = "-Onone";
			};
			name = Debug;
		};
		80FA840A272B911A00183FB8 /* Release */ = {
			isa = XCBuildConfiguration;
			buildSettings = {
				ALWAYS_SEARCH_USER_PATHS = NO;
				CLANG_ANALYZER_NONNULL = YES;
				CLANG_ANALYZER_NUMBER_OBJECT_CONVERSION = YES_AGGRESSIVE;
				CLANG_CXX_LANGUAGE_STANDARD = "gnu++14";
				CLANG_CXX_LIBRARY = "libc++";
				CLANG_ENABLE_MODULES = YES;
				CLANG_ENABLE_OBJC_ARC = YES;
				CLANG_ENABLE_OBJC_WEAK = YES;
				CLANG_WARN_BLOCK_CAPTURE_AUTORELEASING = YES;
				CLANG_WARN_BOOL_CONVERSION = YES;
				CLANG_WARN_COMMA = YES;
				CLANG_WARN_CONSTANT_CONVERSION = YES;
				CLANG_WARN_DEPRECATED_OBJC_IMPLEMENTATIONS = YES;
				CLANG_WARN_DIRECT_OBJC_ISA_USAGE = YES_ERROR;
				CLANG_WARN_DOCUMENTATION_COMMENTS = YES;
				CLANG_WARN_EMPTY_BODY = YES;
				CLANG_WARN_ENUM_CONVERSION = YES;
				CLANG_WARN_INFINITE_RECURSION = YES;
				CLANG_WARN_INT_CONVERSION = YES;
				CLANG_WARN_NON_LITERAL_NULL_CONVERSION = YES;
				CLANG_WARN_OBJC_IMPLICIT_RETAIN_SELF = YES;
				CLANG_WARN_OBJC_LITERAL_CONVERSION = YES;
				CLANG_WARN_OBJC_ROOT_CLASS = YES_ERROR;
				CLANG_WARN_QUOTED_INCLUDE_IN_FRAMEWORK_HEADER = YES;
				CLANG_WARN_RANGE_LOOP_ANALYSIS = YES;
				CLANG_WARN_STRICT_PROTOTYPES = YES;
				CLANG_WARN_SUSPICIOUS_MOVE = YES;
				CLANG_WARN_UNGUARDED_AVAILABILITY = YES_AGGRESSIVE;
				CLANG_WARN_UNREACHABLE_CODE = YES;
				CLANG_WARN__DUPLICATE_METHOD_MATCH = YES;
				COPY_PHASE_STRIP = NO;
				DEBUG_INFORMATION_FORMAT = "dwarf-with-dsym";
				ENABLE_NS_ASSERTIONS = NO;
				ENABLE_STRICT_OBJC_MSGSEND = YES;
				GCC_C_LANGUAGE_STANDARD = gnu11;
				GCC_NO_COMMON_BLOCKS = YES;
				GCC_WARN_64_TO_32_BIT_CONVERSION = YES;
				GCC_WARN_ABOUT_RETURN_TYPE = YES_ERROR;
				GCC_WARN_UNDECLARED_SELECTOR = YES;
				GCC_WARN_UNINITIALIZED_AUTOS = YES_AGGRESSIVE;
				GCC_WARN_UNUSED_FUNCTION = YES;
				GCC_WARN_UNUSED_VARIABLE = YES;
				IPHONEOS_DEPLOYMENT_TARGET = 14.4;
				MTL_ENABLE_DEBUG_INFO = NO;
				MTL_FAST_MATH = YES;
				SDKROOT = iphoneos;
				SWIFT_COMPILATION_MODE = wholemodule;
				SWIFT_OPTIMIZATION_LEVEL = "-O";
				VALIDATE_PRODUCT = YES;
			};
			name = Release;
		};
		80FA840C272B911A00183FB8 /* Debug */ = {
			isa = XCBuildConfiguration;
			baseConfigurationReference = 7F4498ED32813D17557ED2F4 /* Pods-WeatherApp.debug.xcconfig */;
			buildSettings = {
				ASSETCATALOG_COMPILER_APPICON_NAME = AppIcon;
				ASSETCATALOG_COMPILER_GLOBAL_ACCENT_COLOR_NAME = AccentColor;
				CODE_SIGN_STYLE = Automatic;
				INFOPLIST_FILE = WeatherApp/Info.plist;
				LD_RUNPATH_SEARCH_PATHS = (
					"$(inherited)",
					"@executable_path/Frameworks",
				);
				PRODUCT_BUNDLE_IDENTIFIER = edu.northeastern.xuanweizhang.WeatherApp;
				PRODUCT_NAME = "$(TARGET_NAME)";
				SWIFT_VERSION = 5.0;
				TARGETED_DEVICE_FAMILY = "1,2";
			};
			name = Debug;
		};
		80FA840D272B911A00183FB8 /* Release */ = {
			isa = XCBuildConfiguration;
			baseConfigurationReference = 05D80C3AB69134C2AECE6597 /* Pods-WeatherApp.release.xcconfig */;
			buildSettings = {
				ASSETCATALOG_COMPILER_APPICON_NAME = AppIcon;
				ASSETCATALOG_COMPILER_GLOBAL_ACCENT_COLOR_NAME = AccentColor;
				CODE_SIGN_STYLE = Automatic;
				INFOPLIST_FILE = WeatherApp/Info.plist;
				LD_RUNPATH_SEARCH_PATHS = (
					"$(inherited)",
					"@executable_path/Frameworks",
				);
				PRODUCT_BUNDLE_IDENTIFIER = edu.northeastern.xuanweizhang.WeatherApp;
				PRODUCT_NAME = "$(TARGET_NAME)";
				SWIFT_VERSION = 5.0;
				TARGETED_DEVICE_FAMILY = "1,2";
			};
			name = Release;
		};
/* End XCBuildConfiguration section */

/* Begin XCConfigurationList section */
		80FA83F2272B911700183FB8 /* Build configuration list for PBXProject "WeatherApp" */ = {
			isa = XCConfigurationList;
			buildConfigurations = (
				80FA8409272B911A00183FB8 /* Debug */,
				80FA840A272B911A00183FB8 /* Release */,
			);
			defaultConfigurationIsVisible = 0;
			defaultConfigurationName = Release;
		};
		80FA840B272B911A00183FB8 /* Build configuration list for PBXNativeTarget "WeatherApp" */ = {
			isa = XCConfigurationList;
			buildConfigurations = (
				80FA840C272B911A00183FB8 /* Debug */,
				80FA840D272B911A00183FB8 /* Release */,
			);
			defaultConfigurationIsVisible = 0;
			defaultConfigurationName = Release;
		};
/* End XCConfigurationList section */
	};
	rootObject = 80FA83EF272B911700183FB8 /* Project object */;
}
